
Microsoft Visual Studio Solution File, Format Version 12.00
# Visual Studio Version 17
VisualStudioVersion = 17.2.32630.192
MinimumVisualStudioVersion = 10.0.40219.1
Project("{FAE04EC0-301F-11D3-BF4B-00C04F79EFBC}") = "geekBrains_CSbasics_HomeWork_01", "geekBrains_CSbasics_HomeWork_01\geekBrains_CSbasics_HomeWork_01.csproj", "{8F871B4A-2295-4EFD-9313-BFED0DBF9EE6}"
EndProject
Project("{FAE04EC0-301F-11D3-BF4B-00C04F79EFBC}") = "geekBrains_CSbasics_HomeWork_02", "geekBrains_CSbasics_HomeWork_02\geekBrains_CSbasics_HomeWork_02.csproj", "{9C041A36-1AD0-457D-8CEE-98CCE48B680D}"
EndProject
Project("{FAE04EC0-301F-11D3-BF4B-00C04F79EFBC}") = "SupportClasses", "SupportClasses\SupportClasses.csproj", "{AE865AEA-6B11-4A56-ADCA-54D390976CD2}"
EndProject
Project("{FAE04EC0-301F-11D3-BF4B-00C04F79EFBC}") = "geekBrains_CSbasics_HomeWork_03", "geekBrains_CSbasics_HomeWork_03\geekBrains_CSbasics_HomeWork_03.csproj", "{C1C00ACF-D754-45A7-BD2B-F5B1C2F9E941}"
EndProject
Project("{FAE04EC0-301F-11D3-BF4B-00C04F79EFBC}") = "SupportStructs", "SupportStructs\SupportStructs.csproj", "{2877EFC3-F3E2-4FEA-B793-0E59FB044A9A}"
EndProject
Project("{FAE04EC0-301F-11D3-BF4B-00C04F79EFBC}") = "geekBrains_CSbasics_HomeWork_04", "geekBrains_CSbasics_HomeWork_04\geekBrains_CSbasics_HomeWork_04.csproj", "{91D9BA70-7893-433B-AEA7-AC4037BD27F0}"
EndProject
Project("{FAE04EC0-301F-11D3-BF4B-00C04F79EFBC}") = "geekBrains_CSbasics_HomeWork_05", "geekBrains_CSbasics_HomeWork_05\geekBrains_CSbasics_HomeWork_05.csproj", "{CB6C5F84-7284-401F-84A4-F1EAEBAB0C27}"
EndProject
Project("{9A19103F-16F7-4668-BE54-9A1E7A4F7556}") = "FunctionExtremum", "FunctionExtremum\FunctionExtremum.csproj", "{85D8099F-FB37-4E6B-B04A-E909E6CDB8A3}"
EndProject
Project("{FAE04EC0-301F-11D3-BF4B-00C04F79EFBC}") = "geekBrains_CSbasics_HomeWork_06", "geekBrains_CSbasics_HomeWork_06\geekBrains_CSbasics_HomeWork_06.csproj", "{8A3EA7E2-48A4-4BF1-A1B2-540CA5A52F3D}"
EndProject
Global
	GlobalSection(SolutionConfigurationPlatforms) = preSolution
		Debug|Any CPU = Debug|Any CPU
		Release|Any CPU = Release|Any CPU
	EndGlobalSection
	GlobalSection(ProjectConfigurationPlatforms) = postSolution
		{8F871B4A-2295-4EFD-9313-BFED0DBF9EE6}.Debug|Any CPU.ActiveCfg = Debug|Any CPU
		{8F871B4A-2295-4EFD-9313-BFED0DBF9EE6}.Debug|Any CPU.Build.0 = Debug|Any CPU
		{8F871B4A-2295-4EFD-9313-BFED0DBF9EE6}.Release|Any CPU.ActiveCfg = Release|Any CPU
		{8F871B4A-2295-4EFD-9313-BFED0DBF9EE6}.Release|Any CPU.Build.0 = Release|Any CPU
		{9C041A36-1AD0-457D-8CEE-98CCE48B680D}.Debug|Any CPU.ActiveCfg = Debug|Any CPU
		{9C041A36-1AD0-457D-8CEE-98CCE48B680D}.Debug|Any CPU.Build.0 = Debug|Any CPU
		{9C041A36-1AD0-457D-8CEE-98CCE48B680D}.Release|Any CPU.ActiveCfg = Release|Any CPU
		{9C041A36-1AD0-457D-8CEE-98CCE48B680D}.Release|Any CPU.Build.0 = Release|Any CPU
		{AE865AEA-6B11-4A56-ADCA-54D390976CD2}.Debug|Any CPU.ActiveCfg = Debug|Any CPU
		{AE865AEA-6B11-4A56-ADCA-54D390976CD2}.Debug|Any CPU.Build.0 = Debug|Any CPU
		{AE865AEA-6B11-4A56-ADCA-54D390976CD2}.Release|Any CPU.ActiveCfg = Release|Any CPU
		{AE865AEA-6B11-4A56-ADCA-54D390976CD2}.Release|Any CPU.Build.0 = Release|Any CPU
		{C1C00ACF-D754-45A7-BD2B-F5B1C2F9E941}.Debug|Any CPU.ActiveCfg = Debug|Any CPU
		{C1C00ACF-D754-45A7-BD2B-F5B1C2F9E941}.Debug|Any CPU.Build.0 = Debug|Any CPU
		{C1C00ACF-D754-45A7-BD2B-F5B1C2F9E941}.Release|Any CPU.ActiveCfg = Release|Any CPU
		{C1C00ACF-D754-45A7-BD2B-F5B1C2F9E941}.Release|Any CPU.Build.0 = Release|Any CPU
		{2877EFC3-F3E2-4FEA-B793-0E59FB044A9A}.Debug|Any CPU.ActiveCfg = Debug|Any CPU
		{2877EFC3-F3E2-4FEA-B793-0E59FB044A9A}.Debug|Any CPU.Build.0 = Debug|Any CPU
		{2877EFC3-F3E2-4FEA-B793-0E59FB044A9A}.Release|Any CPU.ActiveCfg = Release|Any CPU
		{2877EFC3-F3E2-4FEA-B793-0E59FB044A9A}.Release|Any CPU.Build.0 = Release|Any CPU
		{91D9BA70-7893-433B-AEA7-AC4037BD27F0}.Debug|Any CPU.ActiveCfg = Debug|Any CPU
		{91D9BA70-7893-433B-AEA7-AC4037BD27F0}.Debug|Any CPU.Build.0 = Debug|Any CPU
		{91D9BA70-7893-433B-AEA7-AC4037BD27F0}.Release|Any CPU.ActiveCfg = Release|Any CPU
		{91D9BA70-7893-433B-AEA7-AC4037BD27F0}.Release|Any CPU.Build.0 = Release|Any CPU
		{CB6C5F84-7284-401F-84A4-F1EAEBAB0C27}.Debug|Any CPU.ActiveCfg = Debug|Any CPU
		{CB6C5F84-7284-401F-84A4-F1EAEBAB0C27}.Debug|Any CPU.Build.0 = Debug|Any CPU
		{CB6C5F84-7284-401F-84A4-F1EAEBAB0C27}.Release|Any CPU.ActiveCfg = Release|Any CPU
		{CB6C5F84-7284-401F-84A4-F1EAEBAB0C27}.Release|Any CPU.Build.0 = Release|Any CPU
		{85D8099F-FB37-4E6B-B04A-E909E6CDB8A3}.Debug|Any CPU.ActiveCfg = Debug|Any CPU
		{85D8099F-FB37-4E6B-B04A-E909E6CDB8A3}.Debug|Any CPU.Build.0 = Debug|Any CPU
		{85D8099F-FB37-4E6B-B04A-E909E6CDB8A3}.Release|Any CPU.ActiveCfg = Release|Any CPU
		{85D8099F-FB37-4E6B-B04A-E909E6CDB8A3}.Release|Any CPU.Build.0 = Release|Any CPU
		{8A3EA7E2-48A4-4BF1-A1B2-540CA5A52F3D}.Debug|Any CPU.ActiveCfg = Debug|Any CPU
		{8A3EA7E2-48A4-4BF1-A1B2-540CA5A52F3D}.Debug|Any CPU.Build.0 = Debug|Any CPU
		{8A3EA7E2-48A4-4BF1-A1B2-540CA5A52F3D}.Release|Any CPU.ActiveCfg = Release|Any CPU
		{8A3EA7E2-48A4-4BF1-A1B2-540CA5A52F3D}.Release|Any CPU.Build.0 = Release|Any CPU
	EndGlobalSection
	GlobalSection(SolutionProperties) = preSolution
		HideSolutionNode = FALSE
	EndGlobalSection
	GlobalSection(ExtensibilityGlobals) = postSolution
		SolutionGuid = {45973C8A-67F4-4D53-A4CF-1CC86C5832B8}
	EndGlobalSection
EndGlobal
